# THIS IS AN AUTOGENERATED FILE. DO NOT EDIT THIS FILE DIRECTLY.
assets/build.css.liquid:
  development: 2018-04-06T18:32:59-06:00   c4b5f32a9c3d9e6b1761a0e2f9f6e209
assets/cart.api.js:
  development: 2018-04-11T11:57:42-06:00   56db6db3be3d1406d9f51fed4ab24c22
assets/custom.css.liquid:
  development: 2018-03-30T12:24:42-06:00   532f6c97987c4e9ff50b41aa7257cbf9
assets/style.css.liquid:
  development: 2018-04-07T20:54:32-06:00   ee0e5a7d36f0bcbe9b34768293338401
assets/vendor.js:
  development: 2018-04-09T19:28:58-06:00   5a77725df0e17985142536876b001a06
layout/theme.liquid:
  development: 2018-04-09T20:14:18-06:00   ce9cf4656ae8551c3827b10eb90529f6
snippets/cartpage-design1.liquid:
  development: 2018-04-10T14:41:06-06:00   354509aab83053d8314e6411d7095955
snippets/cartpage-design2.liquid:
  development: 2018-04-10T14:40:51-06:00   19cbffc732215ea92be0cbd8a82b0d67
snippets/menu-cart-item.liquid:
  development: 2018-04-11T11:44:55-06:00   890de331e56837f335c71696b2373706
snippets/product-build-page-description.liquid:
  development: 2018-04-09T12:43:02-06:00   179a1b995545383b01b9e6e291b3635a
snippets/product-choose-cookies-description.liquid:
  development: 2018-04-10T22:31:48-06:00   4cf486152b4caa478eb156fbeae4fc5b
snippets/product-choose-cookies-picker.liquid:
  development: 2018-04-09T15:48:06-06:00   583dc1f330f4163daf5567e456651784
snippets/product-page-description.liquid:
  development: 2018-04-10T17:31:48-06:00   e03c26ab00e23f1cbf02db884c266518
snippets/product-variant-page-description.liquid:
  development: 2018-04-09T15:54:38-06:00   60375711af4b3fbd8f742f5aff0b280f
templates/page.build.liquid:
  development: 2018-04-06T14:36:27-06:00   2c6b98c9eb62b62ab34fdc4f132bf25b
templates/product.build.liquid:
  development: 2018-04-07T20:03:24-06:00   3813365373b349956c2065135ad35fa2
templates/product.choose.cookies.liquid:
  development: 2018-04-07T19:59:59-06:00   d64f1754c17f95ca25dc8c5676738bc6
templates/product.liquid:
  development: 2018-04-09T15:47:46-06:00   2a48bf6be6c7fc7a591c7f41ee6f93ab
